
Microsoft Visual Studio Solution File, Format Version 12.00
# Visual Studio Version 16
VisualStudioVersion = 16.0.29806.167
MinimumVisualStudioVersion = 10.0.40219.1
Project("{FAE04EC0-301F-11D3-BF4B-00C04F79EFBC}") = "VTool", "VTool\VTool.csproj", "{4582FCBA-8655-493E-9F45-3FFF15F3E8D6}"
EndProject
Global
	GlobalSection(SolutionConfigurationPlatforms) = preSolution
		Debug|Any CPU = Debug|Any CPU
		Release|Any CPU = Release|Any CPU
	EndGlobalSection
	GlobalSection(ProjectConfigurationPlatforms) = postSolution
		{4582FCBA-8655-493E-9F45-3FFF15F3E8D6}.Debug|Any CPU.ActiveCfg = Debug|Any CPU
		{4582FCBA-8655-493E-9F45-3FFF15F3E8D6}.Debug|Any CPU.Build.0 = Debug|Any CPU
		{4582FCBA-8655-493E-9F45-3FFF15F3E8D6}.Release|Any CPU.ActiveCfg = Release|Any CPU
		{4582FCBA-8655-493E-9F45-3FFF15F3E8D6}.Release|Any CPU.Build.0 = Release|Any CPU
	EndGlobalSection
	GlobalSection(SolutionProperties) = preSolution
		HideSolutionNode = FALSE
	EndGlobalSection
	GlobalSection(ExtensibilityGlobals) = postSolution
		SolutionGuid = {1BF3C0DC-CE86-4195-9187-17DD5027A633}
	EndGlobalSection
EndGlobal
